
Microsoft Visual Studio Solution File, Format Version 12.00
Project("{FAE04EC0-301F-11D3-BF4B-00C04F79EFBC}") = "Alisa", "Alisa\Alisa.csproj", "{7CF90B9B-E007-4D8D-B899-7DF6F95DEFC2}"
EndProject
Global
	GlobalSection(SolutionConfigurationPlatforms) = preSolution
		Debug|Any CPU = Debug|Any CPU
		Release|Any CPU = Release|Any CPU
	EndGlobalSection
	GlobalSection(ProjectConfigurationPlatforms) = postSolution
		{7CF90B9B-E007-4D8D-B899-7DF6F95DEFC2}.Debug|Any CPU.ActiveCfg = Debug|Any CPU
		{7CF90B9B-E007-4D8D-B899-7DF6F95DEFC2}.Debug|Any CPU.Build.0 = Debug|Any CPU
		{7CF90B9B-E007-4D8D-B899-7DF6F95DEFC2}.Release|Any CPU.ActiveCfg = Release|Any CPU
		{7CF90B9B-E007-4D8D-B899-7DF6F95DEFC2}.Release|Any CPU.Build.0 = Release|Any CPU
	EndGlobalSection
EndGlobal
